{
  "name": "@justprove/mobilevc",
  "version": "0.2.13",
  "lockfileVersion": 3,
  "requires": true,
  "packages": {
    "": {
      "name": "@justprove/mobilevc",
      "version": "0.2.13",
      "license": "MIT",
      "dependencies": {
        "qrcode-terminal": "^0.12.0"
      },
      "bin": {
        "mobilevc": "bin/mobilevc.js"
      },
      "engines": {
        "node": ">=18"
      },
      "optionalDependencies": {
        "@justprove/mobilevc-server-darwin-arm64": "0.2.12",
        "@justprove/mobilevc-server-darwin-x64": "0.2.12",
        "@justprove/mobilevc-server-linux-arm64": "0.2.12",
        "@justprove/mobilevc-server-linux-x64": "0.2.12",
        "@justprove/mobilevc-server-win32-x64": "0.2.12"
      }
    },
    "node_modules/@justprove/mobilevc-server-darwin-arm64": {
      "version": "0.2.12",
      "resolved": "https://registry.npmjs.org/@justprove/mobilevc-server-darwin-arm64/-/mobilevc-server-darwin-arm64-0.2.12.tgz",
      "integrity": "sha512-uT/fX/tEZSJzy6/CbiL4v5tLMm+EfCqZsyHUIAt44d6NsdMNl23H8UdVEa4ozaB2FxgbTcWwEemFnlpbraLh6Q==",
      "cpu": [
        "arm64"
      ],
      "license": "MIT",
      "optional": true,
      "os": [
        "darwin"
      ]
    },
    "node_modules/@justprove/mobilevc-server-darwin-x64": {
      "version": "0.2.12",
      "resolved": "https://registry.npmjs.org/@justprove/mobilevc-server-darwin-x64/-/mobilevc-server-darwin-x64-0.2.12.tgz",
      "integrity": "sha512-4GpZrrc3WcW/nLD18WeylOK0rMBRrKIm5nuWIEjUUyoEMqtx/oOixeYi6ROmLKF1r3PBt9KXr5gOXEKxUlF2gQ==",
      "cpu": [
        "x64"
      ],
      "license": "MIT",
      "optional": true,
      "os": [
        "darwin"
      ]
    },
    "node_modules/@justprove/mobilevc-server-linux-arm64": {
      "version": "0.2.12",
      "resolved": "https://registry.npmjs.org/@justprove/mobilevc-server-linux-arm64/-/mobilevc-server-linux-arm64-0.2.12.tgz",
      "integrity": "sha512-ZOfXckshu9pwyMDgKJNzVgll17dRvpn0RxCL1Sk5ZmGjdU7xwgSEFVALXEwQInfuhEiZbljlUONiEO3quSJ75w==",
      "cpu": [
        "arm64"
      ],
      "license": "MIT",
      "optional": true,
      "os": [
        "linux"
      ]
    },
    "node_modules/@justprove/mobilevc-server-linux-x64": {
      "version": "0.2.12",
      "resolved": "https://registry.npmjs.org/@justprove/mobilevc-server-linux-x64/-/mobilevc-server-linux-x64-0.2.12.tgz",
      "integrity": "sha512-tQFs3Ud5dJnJzJyTF6RHwtQrVztWXoi/dlDDzCNtsdWeAWVc4+1Huy7/AdVx+MMEOwO5njkf6cuu56vJJPVGTg==",
      "cpu": [
        "x64"
      ],
      "license": "MIT",
      "optional": true,
      "os": [
        "linux"
      ]
    },
    "node_modules/@justprove/mobilevc-server-win32-x64": {
      "version": "0.2.12",
      "resolved": "https://registry.npmjs.org/@justprove/mobilevc-server-win32-x64/-/mobilevc-server-win32-x64-0.2.12.tgz",
      "integrity": "sha512-mfYso9zExCLLCc/npyNjLATOw4IlwbjD7e/hamx47fA/JnI8ha6/lPMTVHWvXFu3nU+JYvYAdFz0ILobrxGSGA==",
      "cpu": [
        "x64"
      ],
      "license": "MIT",
      "optional": true,
      "os": [
        "win32"
      ]
    },
    "node_modules/qrcode-terminal": {
      "version": "0.12.0",
      "resolved": "https://registry.npmjs.org/qrcode-terminal/-/qrcode-terminal-0.12.0.tgz",
      "integrity": "sha512-EXtzRZmC+YGmGlDFbXKxQiMZNwCLEO6BANKXG4iCtSIM0yqc/pappSx3RIKr4r0uh5JsBckOXeKrB3Iz7mdQpQ==",
      "bin": {
        "qrcode-terminal": "bin/qrcode-terminal.js"
      }
    }
  }
}
