{
  "name": "@justprove/mobilevc",
  "version": "0.2.8",
  "lockfileVersion": 3,
  "requires": true,
  "packages": {
    "": {
      "name": "@justprove/mobilevc",
      "version": "0.2.8",
      "license": "MIT",
      "dependencies": {
        "qrcode-terminal": "^0.12.0"
      },
      "bin": {
        "mobilevc": "bin/mobilevc.js"
      },
      "engines": {
        "node": ">=18"
      },
      "optionalDependencies": {
        "@justprove/mobilevc-server-darwin-arm64": "0.2.5",
        "@justprove/mobilevc-server-darwin-x64": "0.2.5",
        "@justprove/mobilevc-server-linux-arm64": "0.2.5",
        "@justprove/mobilevc-server-linux-x64": "0.2.5",
        "@justprove/mobilevc-server-win32-x64": "0.2.5"
      }
    },
    "node_modules/@justprove/mobilevc-server-darwin-arm64": {
      "version": "0.2.5",
      "resolved": "https://registry.npmmirror.com/@justprove/mobilevc-server-darwin-arm64/-/mobilevc-server-darwin-arm64-0.2.5.tgz",
      "integrity": "sha512-x2fqyBBO2sryeb8a3BkJZ2bgJF9v3OxlEg8RqqvAtsiAgooljADv+UwiAie7t+uGm3rBV0tIZQZNLQW53/0KiA==",
      "cpu": [
        "arm64"
      ],
      "license": "MIT",
      "optional": true,
      "os": [
        "darwin"
      ]
    },
    "node_modules/@justprove/mobilevc-server-darwin-x64": {
      "version": "0.2.5",
      "resolved": "https://registry.npmmirror.com/@justprove/mobilevc-server-darwin-x64/-/mobilevc-server-darwin-x64-0.2.5.tgz",
      "integrity": "sha512-m6FMpwJjAecmjuXfd1Sb1SEdBUO9vklRwVTo0QTuWyRSzFWw0jX8KwBM8CCRHikNbRxzecTjVUskfK8nlb9xEA==",
      "cpu": [
        "x64"
      ],
      "license": "MIT",
      "optional": true,
      "os": [
        "darwin"
      ]
    },
    "node_modules/@justprove/mobilevc-server-linux-arm64": {
      "version": "0.2.5",
      "resolved": "https://registry.npmmirror.com/@justprove/mobilevc-server-linux-arm64/-/mobilevc-server-linux-arm64-0.2.5.tgz",
      "integrity": "sha512-cm4ohzABMQGUQvHl2qu5POSvunnHaU3/nFouYulnHo5jSoId/CSULX4Cjg9VDr1XUVeuXIH2oA0fKtatAxJ2uQ==",
      "cpu": [
        "arm64"
      ],
      "license": "MIT",
      "optional": true,
      "os": [
        "linux"
      ]
    },
    "node_modules/@justprove/mobilevc-server-linux-x64": {
      "version": "0.2.5",
      "resolved": "https://registry.npmmirror.com/@justprove/mobilevc-server-linux-x64/-/mobilevc-server-linux-x64-0.2.5.tgz",
      "integrity": "sha512-kTb+hPSHat5SglPntCl1XSJgoJeA6iZ+GxlCtJBg3JDQFCc0zWIDu4suR2/ub+hWJ8BR+O5QsuZaHYOUGcNBwA==",
      "cpu": [
        "x64"
      ],
      "license": "MIT",
      "optional": true,
      "os": [
        "linux"
      ]
    },
    "node_modules/@justprove/mobilevc-server-win32-x64": {
      "version": "0.2.5",
      "resolved": "https://registry.npmmirror.com/@justprove/mobilevc-server-win32-x64/-/mobilevc-server-win32-x64-0.2.5.tgz",
      "integrity": "sha512-Z/PB+k1xJXb+79amAjEgAgzU4A3HaXELobAd6wgb3RJ2G6jvhWhKv9i0h4IvKDuv6Y8WAsHAmvJm/ubpht1FcA==",
      "cpu": [
        "x64"
      ],
      "license": "MIT",
      "optional": true,
      "os": [
        "win32"
      ]
    },
    "node_modules/qrcode-terminal": {
      "version": "0.12.0",
      "resolved": "https://registry.npmjs.org/qrcode-terminal/-/qrcode-terminal-0.12.0.tgz",
      "integrity": "sha512-EXtzRZmC+YGmGlDFbXKxQiMZNwCLEO6BANKXG4iCtSIM0yqc/pappSx3RIKr4r0uh5JsBckOXeKrB3Iz7mdQpQ==",
      "bin": {
        "qrcode-terminal": "bin/qrcode-terminal.js"
      }
    }
  }
}
